lockfileVersion: '9.0'

settings:
  autoInstallPeers: true
  excludeLinksFromLockfile: false

importers:

  .:
    dependencies:
      pnpm-test-sdfjsf:
        specifier: ^1.0.0
        version: 1.0.0
    devDependencies:
      rollup:
        specifier: ^4.27.3
        version: 4.27.3

packages:

  '@rollup/rollup-android-arm-eabi@4.27.3':
    resolution: {integrity: sha512-EzxVSkIvCFxUd4Mgm4xR9YXrcp976qVaHnqom/Tgm+vU79k4vV4eYTjmRvGfeoW8m9LVcsAy/lGjcgVegKEhLQ==}
    cpu: [arm]
    os: [android]

  '@rollup/rollup-android-arm64@4.27.3':
    resolution: {integrity: sha512-LJc5pDf1wjlt9o/Giaw9Ofl+k/vLUaYsE2zeQGH85giX2F+wn/Cg8b3c5CDP3qmVmeO5NzwVUzQQxwZvC2eQKw==}
    cpu: [arm64]
    os: [android]

  '@rollup/rollup-darwin-arm64@4.27.3':
    resolution: {integrity: sha512-OuRysZ1Mt7wpWJ+aYKblVbJWtVn3Cy52h8nLuNSzTqSesYw1EuN6wKp5NW/4eSre3mp12gqFRXOKTcN3AI3LqA==}
    cpu: [arm64]
    os: [darwin]

  '@rollup/rollup-darwin-x64@4.27.3':
    resolution: {integrity: sha512-xW//zjJMlJs2sOrCmXdB4d0uiilZsOdlGQIC/jjmMWT47lkLLoB1nsNhPUcnoqyi5YR6I4h+FjBpILxbEy8JRg==}
    cpu: [x64]
    os: [darwin]

  '@rollup/rollup-freebsd-arm64@4.27.3':
    resolution: {integrity: sha512-58E0tIcwZ+12nK1WiLzHOD8I0d0kdrY/+o7yFVPRHuVGY3twBwzwDdTIBGRxLmyjciMYl1B/U515GJy+yn46qw==}
    cpu: [arm64]
    os: [freebsd]

  '@rollup/rollup-freebsd-x64@4.27.3':
    resolution: {integrity: sha512-78fohrpcVwTLxg1ZzBMlwEimoAJmY6B+5TsyAZ3Vok7YabRBUvjYTsRXPTjGEvv/mfgVBepbW28OlMEz4w8wGA==}
    cpu: [x64]
    os: [freebsd]

  '@rollup/rollup-linux-arm-gnueabihf@4.27.3':
    resolution: {integrity: sha512-h2Ay79YFXyQi+QZKo3ISZDyKaVD7uUvukEHTOft7kh00WF9mxAaxZsNs3o/eukbeKuH35jBvQqrT61fzKfAB/Q==}
    cpu: [arm]
    os: [linux]

  '@rollup/rollup-linux-arm-musleabihf@4.27.3':
    resolution: {integrity: sha512-Sv2GWmrJfRY57urktVLQ0VKZjNZGogVtASAgosDZ1aUB+ykPxSi3X1nWORL5Jk0sTIIwQiPH7iE3BMi9zGWfkg==}
    cpu: [arm]
    os: [linux]

  '@rollup/rollup-linux-arm64-gnu@4.27.3':
    resolution: {integrity: sha512-FPoJBLsPW2bDNWjSrwNuTPUt30VnfM8GPGRoLCYKZpPx0xiIEdFip3dH6CqgoT0RnoGXptaNziM0WlKgBc+OWQ==}
    cpu: [arm64]
    os: [linux]

  '@rollup/rollup-linux-arm64-musl@4.27.3':
    resolution: {integrity: sha512-TKxiOvBorYq4sUpA0JT+Fkh+l+G9DScnG5Dqx7wiiqVMiRSkzTclP35pE6eQQYjP4Gc8yEkJGea6rz4qyWhp3g==}
    cpu: [arm64]
    os: [linux]

  '@rollup/rollup-linux-powerpc64le-gnu@4.27.3':
    resolution: {integrity: sha512-v2M/mPvVUKVOKITa0oCFksnQQ/TqGrT+yD0184/cWHIu0LoIuYHwox0Pm3ccXEz8cEQDLk6FPKd1CCm+PlsISw==}
    cpu: [ppc64]
    os: [linux]

  '@rollup/rollup-linux-riscv64-gnu@4.27.3':
    resolution: {integrity: sha512-LdrI4Yocb1a/tFVkzmOE5WyYRgEBOyEhWYJe4gsDWDiwnjYKjNs7PS6SGlTDB7maOHF4kxevsuNBl2iOcj3b4A==}
    cpu: [riscv64]
    os: [linux]

  '@rollup/rollup-linux-s390x-gnu@4.27.3':
    resolution: {integrity: sha512-d4wVu6SXij/jyiwPvI6C4KxdGzuZOvJ6y9VfrcleHTwo68fl8vZC5ZYHsCVPUi4tndCfMlFniWgwonQ5CUpQcA==}
    cpu: [s390x]
    os: [linux]

  '@rollup/rollup-linux-x64-gnu@4.27.3':
    resolution: {integrity: sha512-/6bn6pp1fsCGEY5n3yajmzZQAh+mW4QPItbiWxs69zskBzJuheb3tNynEjL+mKOsUSFK11X4LYF2BwwXnzWleA==}
    cpu: [x64]
    os: [linux]

  '@rollup/rollup-linux-x64-musl@4.27.3':
    resolution: {integrity: sha512-nBXOfJds8OzUT1qUreT/en3eyOXd2EH5b0wr2bVB5999qHdGKkzGzIyKYaKj02lXk6wpN71ltLIaQpu58YFBoQ==}
    cpu: [x64]
    os: [linux]

  '@rollup/rollup-win32-arm64-msvc@4.27.3':
    resolution: {integrity: sha512-ogfbEVQgIZOz5WPWXF2HVb6En+kWzScuxJo/WdQTqEgeyGkaa2ui5sQav9Zkr7bnNCLK48uxmmK0TySm22eiuw==}
    cpu: [arm64]
    os: [win32]

  '@rollup/rollup-win32-ia32-msvc@4.27.3':
    resolution: {integrity: sha512-ecE36ZBMLINqiTtSNQ1vzWc5pXLQHlf/oqGp/bSbi7iedcjcNb6QbCBNG73Euyy2C+l/fn8qKWEwxr+0SSfs3w==}
    cpu: [ia32]
    os: [win32]

  '@rollup/rollup-win32-x64-msvc@4.27.3':
    resolution: {integrity: sha512-vliZLrDmYKyaUoMzEbMTg2JkerfBjn03KmAw9CykO0Zzkzoyd7o3iZNam/TpyWNjNT+Cz2iO3P9Smv2wgrR+Eg==}
    cpu: [x64]
    os: [win32]

  '@types/estree@1.0.6':
    resolution: {integrity: sha512-AYnb1nQyY49te+VRAVgmzfcgjYS91mY5P0TKUDCLEM+gNnA+3T6rWITXRLYCpahpqSQbN5cE+gHpnPyXjHWxcw==}

  fsevents@2.3.3:
    resolution: {integrity: sha512-5xoDfX+fL7faATnagmWPpbFtwh/R77WmMMqqHGS65C3vvB0YHrgF+B1YmZ3441tMj5n63k0212XNoJwzlhffQw==}
    engines: {node: ^8.16.0 || ^10.6.0 || >=11.0.0}
    os: [darwin]

  pnpm-test-sdfjsf@1.0.0:
    resolution: {integrity: sha512-hcTX1UUeKHkqNAlFgVZ9OUcyvY2RlAchPSmOXX12FG/Ato9/Y6m/bLbUkrjb0A5gvAn5QAplN1dkVy/SPJZw7A==}

  rollup@4.27.3:
    resolution: {integrity: sha512-SLsCOnlmGt9VoZ9Ek8yBK8tAdmPHeppkw+Xa7yDlCEhDTvwYei03JlWo1fdc7YTfLZ4tD8riJCUyAgTbszk1fQ==}
    engines: {node: '>=18.0.0', npm: '>=8.0.0'}
    hasBin: true

snapshots:

  '@rollup/rollup-android-arm-eabi@4.27.3':
    optional: true

  '@rollup/rollup-android-arm64@4.27.3':
    optional: true

  '@rollup/rollup-darwin-arm64@4.27.3':
    optional: true

  '@rollup/rollup-darwin-x64@4.27.3':
    optional: true

  '@rollup/rollup-freebsd-arm64@4.27.3':
    optional: true

  '@rollup/rollup-freebsd-x64@4.27.3':
    optional: true

  '@rollup/rollup-linux-arm-gnueabihf@4.27.3':
    optional: true

  '@rollup/rollup-linux-arm-musleabihf@4.27.3':
    optional: true

  '@rollup/rollup-linux-arm64-gnu@4.27.3':
    optional: true

  '@rollup/rollup-linux-arm64-musl@4.27.3':
    optional: true

  '@rollup/rollup-linux-powerpc64le-gnu@4.27.3':
    optional: true

  '@rollup/rollup-linux-riscv64-gnu@4.27.3':
    optional: true

  '@rollup/rollup-linux-s390x-gnu@4.27.3':
    optional: true

  '@rollup/rollup-linux-x64-gnu@4.27.3':
    optional: true

  '@rollup/rollup-linux-x64-musl@4.27.3':
    optional: true

  '@rollup/rollup-win32-arm64-msvc@4.27.3':
    optional: true

  '@rollup/rollup-win32-ia32-msvc@4.27.3':
    optional: true

  '@rollup/rollup-win32-x64-msvc@4.27.3':
    optional: true

  '@types/estree@1.0.6': {}

  fsevents@2.3.3:
    optional: true

  pnpm-test-sdfjsf@1.0.0: {}

  rollup@4.27.3:
    dependencies:
      '@types/estree': 1.0.6
    optionalDependencies:
      '@rollup/rollup-android-arm-eabi': 4.27.3
      '@rollup/rollup-android-arm64': 4.27.3
      '@rollup/rollup-darwin-arm64': 4.27.3
      '@rollup/rollup-darwin-x64': 4.27.3
      '@rollup/rollup-freebsd-arm64': 4.27.3
      '@rollup/rollup-freebsd-x64': 4.27.3
      '@rollup/rollup-linux-arm-gnueabihf': 4.27.3
      '@rollup/rollup-linux-arm-musleabihf': 4.27.3
      '@rollup/rollup-linux-arm64-gnu': 4.27.3
      '@rollup/rollup-linux-arm64-musl': 4.27.3
      '@rollup/rollup-linux-powerpc64le-gnu': 4.27.3
      '@rollup/rollup-linux-riscv64-gnu': 4.27.3
      '@rollup/rollup-linux-s390x-gnu': 4.27.3
      '@rollup/rollup-linux-x64-gnu': 4.27.3
      '@rollup/rollup-linux-x64-musl': 4.27.3
      '@rollup/rollup-win32-arm64-msvc': 4.27.3
      '@rollup/rollup-win32-ia32-msvc': 4.27.3
      '@rollup/rollup-win32-x64-msvc': 4.27.3
      fsevents: 2.3.3
